
Microsoft Visual Studio Solution File, Format Version 12.00
# Visual Studio Version 17
VisualStudioVersion = 17.8.34511.84
MinimumVisualStudioVersion = 10.0.40219.1
Project("{FAE04EC0-301F-11D3-BF4B-00C04F79EFBC}") = "Calculadora basica", "Calculadora basica\Calculadora basica.csproj", "{106CF5C2-C48D-42C6-877A-8264DF269679}"
EndProject
Global
	GlobalSection(SolutionConfigurationPlatforms) = preSolution
		Debug|Any CPU = Debug|Any CPU
		Release|Any CPU = Release|Any CPU
	EndGlobalSection
	GlobalSection(ProjectConfigurationPlatforms) = postSolution
		{106CF5C2-C48D-42C6-877A-8264DF269679}.Debug|Any CPU.ActiveCfg = Debug|Any CPU
		{106CF5C2-C48D-42C6-877A-8264DF269679}.Debug|Any CPU.Build.0 = Debug|Any CPU
		{106CF5C2-C48D-42C6-877A-8264DF269679}.Release|Any CPU.ActiveCfg = Release|Any CPU
		{106CF5C2-C48D-42C6-877A-8264DF269679}.Release|Any CPU.Build.0 = Release|Any CPU
	EndGlobalSection
	GlobalSection(SolutionProperties) = preSolution
		HideSolutionNode = FALSE
	EndGlobalSection
	GlobalSection(ExtensibilityGlobals) = postSolution
		SolutionGuid = {5E09DBE3-DB9A-413B-989B-D434C3FD0386}
	EndGlobalSection
EndGlobal
